PODS:
  - CSVKit (0.2.1)

DEPENDENCIES:
  - CSVKit (from `https://github.com/jackwilsdon/CSVKit.git`, tag `0.2.1`)

EXTERNAL SOURCES:
  CSVKit:
    :git: https://github.com/jackwilsdon/CSVKit.git
    :tag: 0.2.1

CHECKOUT OPTIONS:
  CSVKit:
    :git: https://github.com/jackwilsdon/CSVKit.git
    :tag: 0.2.1

SPEC CHECKSUMS:
  CSVKit: b533e7b3164ea912e6968cd5132517b73e567d69

COCOAPODS: 0.39.0
