// !$*UTF8*$!
{
	archiveVersion = 1;
	classes = {
	};
	objectVersion = 46;
	objects = {

/* Begin PBXBuildFile section */
		04E13D2D1BC306760070B75D /* AppDelegate.swift in Sources */ = {isa = PBXBuildFile; fileRef = 04E13D2C1BC306760070B75D /* AppDelegate.swift */; };
		04E13D2F1BC306760070B75D /* ViewController.swift in Sources */ = {isa = PBXBuildFile; fileRef = 04E13D2E1BC306760070B75D /* ViewController.swift */; };
		04E13D321BC306760070B75D /* Main.storyboard in Resources */ = {isa = PBXBuildFile; fileRef = 04E13D301BC306760070B75D /* Main.storyboard */; };
		04E13D341BC306760070B75D /* Assets.xcassets in Resources */ = {isa = PBXBuildFile; fileRef = 04E13D331BC306760070B75D /* Assets.xcassets */; };
		04E13D371BC306760070B75D /* LaunchScreen.storyboard in Resources */ = {isa = PBXBuildFile; fileRef = 04E13D351BC306760070B75D /* LaunchScreen.storyboard */; };
/* End PBXBuildFile section */

/* Begin PBXFileReference section */
		04E13D291BC306760070B75D /* GTFSKitSample.app */ = {isa = PBXFileReference; explicitFileType = wrapper.application; includeInIndex = 0; path = GTFSKitSample.app; sourceTree = BUILT_PRODUCTS_DIR; };
		04E13D2C1BC306760070B75D /* AppDelegate.swift */ = {isa = PBXFileReference; lastKnownFileType = sourcecode.swift; path = AppDelegate.swift; sourceTree = "<group>"; };
		04E13D2E1BC306760070B75D /* ViewController.swift */ = {isa = PBXFileReference; lastKnownFileType = sourcecode.swift; path = ViewController.swift; sourceTree = "<group>"; };
		04E13D311BC306760070B75D /* Base */ = {isa = PBXFileReference; lastKnownFileType = file.storyboard; name = Base; path = Base.lproj/Main.storyboard; sourceTree = "<group>"; };
		04E13D331BC306760070B75D /* Assets.xcassets */ = {isa = PBXFileReference; lastKnownFileType = folder.assetcatalog; path = Assets.xcassets; sourceTree = "<group>"; };
		04E13D361BC306760070B75D /* Base */ = {isa = PBXFileReference; lastKnownFileType = file.storyboard; name = Base; path = Base.lproj/LaunchScreen.storyboard; sourceTree = "<group>"; };
		04E13D381BC306760070B75D /* Info.plist */ = {isa = PBXFileReference; lastKnownFileType = text.plist.xml; path = Info.plist; sourceTree = "<group>"; };
/* End PBXFileReference section */

/* Begin PBXFrameworksBuildPhase section */
		04E13D261BC306760070B75D /* Frameworks */ = {
			isa = PBXFrameworksBuildPhase;
			buildActionMask = 2147483647;
			files = (
			);
			runOnlyForDeploymentPostprocessing = 0;
		};
/* End PBXFrameworksBuildPhase section */

/* Begin PBXGroup section */
		04E13D201BC306760070B75D = {
			isa = PBXGroup;
			children = (
				04E13D2B1BC306760070B75D /* GTFSKitSample */,
				04E13D2A1BC306760070B75D /* Products */,
			);
			sourceTree = "<group>";
		};
		04E13D2A1BC306760070B75D /* Products */ = {
			isa = PBXGroup;
			children = (
				04E13D291BC306760070B75D /* GTFSKitSample.app */,
			);
			name = Products;
			sourceTree = "<group>";
		};
		04E13D2B1BC306760070B75D /* GTFSKitSample */ = {
			isa = PBXGroup;
			children = (
				04E13D2C1BC306760070B75D /* AppDelegate.swift */,
				04E13D2E1BC306760070B75D /* ViewController.swift */,
				04E13D301BC306760070B75D /* Main.storyboard */,
				04E13D331BC306760070B75D /* Assets.xcassets */,
				04E13D351BC306760070B75D /* LaunchScreen.storyboard */,
				04E13D381BC306760070B75D /* Info.plist */,
			);
			path = GTFSKitSample;
			sourceTree = "<group>";
		};
/* End PBXGroup section */

/* Begin PBXNativeTarget section */
		04E13D281BC306760070B75D /* GTFSKitSample */ = {
			isa = PBXNativeTarget;
			buildConfigurationList = 04E13D3B1BC306760070B75D /* Build configuration list for PBXNativeTarget "GTFSKitSample" */;
			buildPhases = (
				04E13D251BC306760070B75D /* Sources */,
				04E13D261BC306760070B75D /* Frameworks */,
				04E13D271BC306760070B75D /* Resources */,
			);
			buildRules = (
			);
			dependencies = (
			);
			name = GTFSKitSample;
			productName = GTFSKitSample;
			productReference = 04E13D291BC306760070B75D /* GTFSKitSample.app */;
			productType = "com.apple.product-type.application";
		};
/* End PBXNativeTarget section */

/* Begin PBXProject section */
		04E13D211BC306760070B75D /* Project object */ = {
			isa = PBXProject;
			attributes = {
				LastUpgradeCheck = 0700;
				ORGANIZATIONNAME = "Jack Wilsdon";
				TargetAttributes = {
					04E13D281BC306760070B75D = {
						CreatedOnToolsVersion = 7.0.1;
						DevelopmentTeam = FH255PA5PC;
					};
				};
			};
			buildConfigurationList = 04E13D241BC306760070B75D /* Build configuration list for PBXProject "GTFSKitSample" */;
			compatibilityVersion = "Xcode 3.2";
			developmentRegion = English;
			hasScannedForEncodings = 0;
			knownRegions = (
				en,
				Base,
			);
			mainGroup = 04E13D201BC306760070B75D;
			productRefGroup = 04E13D2A1BC306760070B75D /* Products */;
			projectDirPath = "";
			projectRoot = "";
			targets = (
				04E13D281BC306760070B75D /* GTFSKitSample */,
			);
		};
/* End PBXProject section */

/* Begin PBXResourcesBuildPhase section */
		04E13D271BC306760070B75D /* Resources */ = {
			isa = PBXResourcesBuildPhase;
			buildActionMask = 2147483647;
			files = (
				04E13D371BC306760070B75D /* LaunchScreen.storyboard in Resources */,
				04E13D341BC306760070B75D /* Assets.xcassets in Resources */,
				04E13D321BC306760070B75D /* Main.storyboard in Resources */,
			);
			runOnlyForDeploymentPostprocessing = 0;
		};
/* End PBXResourcesBuildPhase section */

/* Begin PBXSourcesBuildPhase section */
		04E13D251BC306760070B75D /* Sources */ = {
			isa = PBXSourcesBuildPhase;
			buildActionMask = 2147483647;
			files = (
				04E13D2F1BC306760070B75D /* ViewController.swift in Sources */,
				04E13D2D1BC306760070B75D /* AppDelegate.swift in Sources */,
			);
			runOnlyForDeploymentPostprocessing = 0;
		};
/* End PBXSourcesBuildPhase section */

/* Begin PBXVariantGroup section */
		04E13D301BC306760070B75D /* Main.storyboard */ = {
			isa = PBXVariantGroup;
			children = (
				04E13D311BC306760070B75D /* Base */,
			);
			name = Main.storyboard;
			sourceTree = "<group>";
		};
		04E13D351BC306760070B75D /* LaunchScreen.storyboard */ = {
			isa = PBXVariantGroup;
			children = (
				04E13D361BC306760070B75D /* Base */,
			);
			name = LaunchScreen.storyboard;
			sourceTree = "<group>";
		};
/* End PBXVariantGroup section */

/* Begin XCBuildConfiguration section */
		04E13D391BC306760070B75D /* Debug */ = {
			isa = XCBuildConfiguration;
			buildSettings = {
				ALWAYS_SEARCH_USER_PATHS = NO;
				CLANG_CXX_LANGUAGE_STANDARD = "gnu++0x";
				CLANG_CXX_LIBRARY = "libc++";
				CLANG_ENABLE_MODULES = YES;
				CLANG_ENABLE_OBJC_ARC = YES;
				CLANG_WARN_BOOL_CONVERSION = YES;
				CLANG_WARN_CONSTANT_CONVERSION = YES;
				CLANG_WARN_DIRECT_OBJC_ISA_USAGE = YES_ERROR;
				CLANG_WARN_EMPTY_BODY = YES;
				CLANG_WARN_ENUM_CONVERSION = YES;
				CLANG_WARN_INT_CONVERSION = YES;
				CLANG_WARN_OBJC_ROOT_CLASS = YES_ERROR;
				CLANG_WARN_UNREACHABLE_CODE = YES;
				CLANG_WARN__DUPLICATE_METHOD_MATCH = YES;
				"CODE_SIGN_IDENTITY[sdk=iphoneos*]" = "iPhone Developer";
				COPY_PHASE_STRIP = NO;
				DEBUG_INFORMATION_FORMAT = dwarf;
				ENABLE_STRICT_OBJC_MSGSEND = YES;
				ENABLE_TESTABILITY = YES;
				GCC_C_LANGUAGE_STANDARD = gnu99;
				GCC_DYNAMIC_NO_PIC = NO;
				GCC_NO_COMMON_BLOCKS = YES;
				GCC_OPTIMIZATION_LEVEL = 0;
				GCC_PREPROCESSOR_DEFINITIONS = (
					"DEBUG=1",
					"$(inherited)",
				);
				GCC_WARN_64_TO_32_BIT_CONVERSION = YES;
				GCC_WARN_ABOUT_RETURN_TYPE = YES_ERROR;
				GCC_WARN_UNDECLARED_SELECTOR = YES;
				GCC_WARN_UNINITIALIZED_AUTOS = YES_AGGRESSIVE;
				GCC_WARN_UNUSED_FUNCTION = YES;
				GCC_WARN_UNUSED_VARIABLE = YES;
				IPHONEOS_DEPLOYMENT_TARGET = 9.0;
				MTL_ENABLE_DEBUG_INFO = YES;
				ONLY_ACTIVE_ARCH = YES;
				SDKROOT = iphoneos;
				SWIFT_OPTIMIZATION_LEVEL = "-Onone";
				TARGETED_DEVICE_FAMILY = "1,2";
			};
			name = Debug;
		};
		04E13D3A1BC306760070B75D /* Release */ = {
			isa = XCBuildConfiguration;
			buildSettings = {
				ALWAYS_SEARCH_USER_PATHS = NO;
				CLANG_CXX_LANGUAGE_STANDARD = "gnu++0x";
				CLANG_CXX_LIBRARY = "libc++";
				CLANG_ENABLE_MODULES = YES;
				CLANG_ENABLE_OBJC_ARC = YES;
				CLANG_WARN_BOOL_CONVERSION = YES;
				CLANG_WARN_CONSTANT_CONVERSION = YES;
				CLANG_WARN_DIRECT_OBJC_ISA_USAGE = YES_ERROR;
				CLANG_WARN_EMPTY_BODY = YES;
				CLANG_WARN_ENUM_CONVERSION = YES;
				CLANG_WARN_INT_CONVERSION = YES;
				CLANG_WARN_OBJC_ROOT_CLASS = YES_ERROR;
				CLANG_WARN_UNREACHABLE_CODE = YES;
				CLANG_WARN__DUPLICATE_METHOD_MATCH = YES;
				"CODE_SIGN_IDENTITY[sdk=iphoneos*]" = "iPhone Developer";
				COPY_PHASE_STRIP = NO;
				DEBUG_INFORMATION_FORMAT = "dwarf-with-dsym";
				ENABLE_NS_ASSERTIONS = NO;
				ENABLE_STRICT_OBJC_MSGSEND = YES;
				GCC_C_LANGUAGE_STANDARD = gnu99;
				GCC_NO_COMMON_BLOCKS = YES;
				GCC_WARN_64_TO_32_BIT_CONVERSION = YES;
				GCC_WARN_ABOUT_RETURN_TYPE = YES_ERROR;
				GCC_WARN_UNDECLARED_SELECTOR = YES;
				GCC_WARN_UNINITIALIZED_AUTOS = YES_AGGRESSIVE;
				GCC_WARN_UNUSED_FUNCTION = YES;
				GCC_WARN_UNUSED_VARIABLE = YES;
				IPHONEOS_DEPLOYMENT_TARGET = 9.0;
				MTL_ENABLE_DEBUG_INFO = NO;
				SDKROOT = iphoneos;
				TARGETED_DEVICE_FAMILY = "1,2";
				VALIDATE_PRODUCT = YES;
			};
			name = Release;
		};
		04E13D3C1BC306760070B75D /* Debug */ = {
			isa = XCBuildConfiguration;
			buildSettings = {
				ASSETCATALOG_COMPILER_APPICON_NAME = AppIcon;
				INFOPLIST_FILE = GTFSKitSample/Info.plist;
				LD_RUNPATH_SEARCH_PATHS = "$(inherited) @executable_path/Frameworks";
				PRODUCT_BUNDLE_IDENTIFIER = me.jackwilsdon.GTFSKitSample;
				PRODUCT_NAME = "$(TARGET_NAME)";
			};
			name = Debug;
		};
		04E13D3D1BC306760070B75D /* Release */ = {
			isa = XCBuildConfiguration;
			buildSettings = {
				ASSETCATALOG_COMPILER_APPICON_NAME = AppIcon;
				INFOPLIST_FILE = GTFSKitSample/Info.plist;
				LD_RUNPATH_SEARCH_PATHS = "$(inherited) @executable_path/Frameworks";
				PRODUCT_BUNDLE_IDENTIFIER = me.jackwilsdon.GTFSKitSample;
				PRODUCT_NAME = "$(TARGET_NAME)";
			};
			name = Release;
		};
/* End XCBuildConfiguration section */

/* Begin XCConfigurationList section */
		04E13D241BC306760070B75D /* Build configuration list for PBXProject "GTFSKitSample" */ = {
			isa = XCConfigurationList;
			buildConfigurations = (
				04E13D391BC306760070B75D /* Debug */,
				04E13D3A1BC306760070B75D /* Release */,
			);
			defaultConfigurationIsVisible = 0;
			defaultConfigurationName = Release;
		};
		04E13D3B1BC306760070B75D /* Build configuration list for PBXNativeTarget "GTFSKitSample" */ = {
			isa = XCConfigurationList;
			buildConfigurations = (
				04E13D3C1BC306760070B75D /* Debug */,
				04E13D3D1BC306760070B75D /* Release */,
			);
			defaultConfigurationIsVisible = 0;
		};
/* End XCConfigurationList section */
	};
	rootObject = 04E13D211BC306760070B75D /* Project object */;
}
